{
  "object": {
    "pins": [
      {
        "package": "swift-anyurlsession",
        "repositoryURL": "https://github.com/thebrowsercompany/AnyURLSession",
        "state": {
          "branch": "main",
          "revision": "bb5bf3bbee5a98ea6c38b89c66a04812f904f958",
          "version": null
        }
      }
    ]
  },
  "version": 1
}
