{
  "object": {
    "pins": [
      {
        "package": "swift-anyurlsession",
        "repositoryURL": "https://github.com/thebrowsercompany/AnyURLSession",
        "state": {
          "branch": "9b8e39b",
          "revision": "9b8e39b95f8290909b976619eb00dc8c9ba472bf",
          "version": null
        }
      }
    ]
  },
  "version": 1
}
